
Microsoft Visual Studio Solution File, Format Version 12.00
Project("{FAE04EC0-301F-11D3-BF4B-00C04F79EFBC}") = "Contact.Api", "Contact.Api\Contact.Api.csproj", "{5555E504-F26D-4F44-9A19-370FF1124805}"
EndProject
Project("{2150E333-8FDC-42A3-9474-1A3956D46DE8}") = "Solution Items", "Solution Items", "{5EC389CA-757A-4AF8-84F8-11FC6CDE2E57}"
	ProjectSection(SolutionItems) = preProject
		compose.yaml = compose.yaml
	EndProjectSection
EndProject
Project("{FAE04EC0-301F-11D3-BF4B-00C04F79EFBC}") = "Contact.Application", "Contact.Application\Contact.Application.csproj", "{6EE4C294-71EF-4531-86FD-19CDBBE87F52}"
EndProject
Project("{FAE04EC0-301F-11D3-BF4B-00C04F79EFBC}") = "Contact.Data", "Contact.Data\Contact.Data.csproj", "{67F35F52-BD48-485A-A5B3-EC5A06E51C9E}"
EndProject
Project("{FAE04EC0-301F-11D3-BF4B-00C04F79EFBC}") = "Contacts.Contracts", "Contacts.Contracts\Contacts.Contracts.csproj", "{C8BE6F8A-4260-4E19-9F92-39226BCA7670}"
EndProject
Global
	GlobalSection(SolutionConfigurationPlatforms) = preSolution
		Debug|Any CPU = Debug|Any CPU
		Release|Any CPU = Release|Any CPU
	EndGlobalSection
	GlobalSection(ProjectConfigurationPlatforms) = postSolution
		{5555E504-F26D-4F44-9A19-370FF1124805}.Debug|Any CPU.ActiveCfg = Debug|Any CPU
		{5555E504-F26D-4F44-9A19-370FF1124805}.Debug|Any CPU.Build.0 = Debug|Any CPU
		{5555E504-F26D-4F44-9A19-370FF1124805}.Release|Any CPU.ActiveCfg = Release|Any CPU
		{5555E504-F26D-4F44-9A19-370FF1124805}.Release|Any CPU.Build.0 = Release|Any CPU
		{6EE4C294-71EF-4531-86FD-19CDBBE87F52}.Debug|Any CPU.ActiveCfg = Debug|Any CPU
		{6EE4C294-71EF-4531-86FD-19CDBBE87F52}.Debug|Any CPU.Build.0 = Debug|Any CPU
		{6EE4C294-71EF-4531-86FD-19CDBBE87F52}.Release|Any CPU.ActiveCfg = Release|Any CPU
		{6EE4C294-71EF-4531-86FD-19CDBBE87F52}.Release|Any CPU.Build.0 = Release|Any CPU
		{67F35F52-BD48-485A-A5B3-EC5A06E51C9E}.Debug|Any CPU.ActiveCfg = Debug|Any CPU
		{67F35F52-BD48-485A-A5B3-EC5A06E51C9E}.Debug|Any CPU.Build.0 = Debug|Any CPU
		{67F35F52-BD48-485A-A5B3-EC5A06E51C9E}.Release|Any CPU.ActiveCfg = Release|Any CPU
		{67F35F52-BD48-485A-A5B3-EC5A06E51C9E}.Release|Any CPU.Build.0 = Release|Any CPU
		{C8BE6F8A-4260-4E19-9F92-39226BCA7670}.Debug|Any CPU.ActiveCfg = Debug|Any CPU
		{C8BE6F8A-4260-4E19-9F92-39226BCA7670}.Debug|Any CPU.Build.0 = Debug|Any CPU
		{C8BE6F8A-4260-4E19-9F92-39226BCA7670}.Release|Any CPU.ActiveCfg = Release|Any CPU
		{C8BE6F8A-4260-4E19-9F92-39226BCA7670}.Release|Any CPU.Build.0 = Release|Any CPU
	EndGlobalSection
EndGlobal
